
Microsoft Visual Studio Solution File, Format Version 12.00
# Visual Studio Version 17
VisualStudioVersion = 17.5.33530.505
MinimumVisualStudioVersion = 10.0.40219.1
Project("{FAE04EC0-301F-11D3-BF4B-00C04F79EFBC}") = "AdventCalender2024", "AdventCalender2024.csproj", "{588123CA-77CF-4B90-A030-DE2CFEA96C5A}"
EndProject
Global
	GlobalSection(SolutionConfigurationPlatforms) = preSolution
		Debug|Any CPU = Debug|Any CPU
		Release|Any CPU = Release|Any CPU
	EndGlobalSection
	GlobalSection(ProjectConfigurationPlatforms) = postSolution
		{588123CA-77CF-4B90-A030-DE2CFEA96C5A}.Debug|Any CPU.ActiveCfg = Debug|Any CPU
		{588123CA-77CF-4B90-A030-DE2CFEA96C5A}.Debug|Any CPU.Build.0 = Debug|Any CPU
		{588123CA-77CF-4B90-A030-DE2CFEA96C5A}.Release|Any CPU.ActiveCfg = Release|Any CPU
		{588123CA-77CF-4B90-A030-DE2CFEA96C5A}.Release|Any CPU.Build.0 = Release|Any CPU
	EndGlobalSection
	GlobalSection(SolutionProperties) = preSolution
		HideSolutionNode = FALSE
	EndGlobalSection
	GlobalSection(ExtensibilityGlobals) = postSolution
		SolutionGuid = {17A62825-63CB-410E-B6DF-DC9651BA726D}
	EndGlobalSection
EndGlobal
